
Microsoft Visual Studio Solution File, Format Version 12.00
# Visual Studio Version 16
VisualStudioVersion = 16.0.33927.289
MinimumVisualStudioVersion = 10.0.40219.1
Project("{2150E333-8FDC-42A3-9474-1A3956D46DE8}") = "Task0", "Task0", "{F68BDD9A-A860-4C52-8349-2C3EA19117E5}"
EndProject
Project("{FAE04EC0-301F-11D3-BF4B-00C04F79EFBC}") = "Tyuiu.PopkovSV.Sprint2.Task0.V26", "Tyuiu.PopkovSV.Sprint2.Task0.V26\Tyuiu.PopkovSV.Sprint2.Task0.V26.csproj", "{0C85F89E-4159-40CD-905F-E5FE0186BE92}"
EndProject
Project("{FAE04EC0-301F-11D3-BF4B-00C04F79EFBC}") = "Tyuiu.PopkovSV.Sprint2.Task0.V26.Lib", "Tyuiu.PopkovSV.Sprint2.Task0.V26.Lib\Tyuiu.PopkovSV.Sprint2.Task0.V26.Lib.csproj", "{2D67BC9D-FFA4-46C5-B821-FB2849BBF07E}"
EndProject
Project("{FAE04EC0-301F-11D3-BF4B-00C04F79EFBC}") = "Tyuiu.PopkovSV.Sprint2.Task0.V26.Test", "Tyuiu.PopkovSV.Sprint2.Task0.V26.Test\Tyuiu.PopkovSV.Sprint2.Task0.V26.Test.csproj", "{850D8617-6885-43A6-A039-1AAB0E1157A0}"
EndProject
Project("{2150E333-8FDC-42A3-9474-1A3956D46DE8}") = "Task1", "Task1", "{DF4631AB-CD61-4DEE-B81E-A358C4ABFCB5}"
EndProject
Project("{FAE04EC0-301F-11D3-BF4B-00C04F79EFBC}") = "Tyuiu.PopkovSV.Sprint2.Task1.V28", "Tyuiu.PopkovSV.Sprint2.Task1.V28\Tyuiu.PopkovSV.Sprint2.Task1.V28.csproj", "{79B2C654-2674-4CFE-8D8E-661C05199F02}"
EndProject
Project("{FAE04EC0-301F-11D3-BF4B-00C04F79EFBC}") = "Tyuiu.PopkovSV.Sprint2.Task1.V28.Lib", "Tyuiu.PopkovSV.Sprint2.Task1.V28.Lib\Tyuiu.PopkovSV.Sprint2.Task1.V28.Lib.csproj", "{6D95FEE6-AD29-41F2-9283-DEB8776559CB}"
EndProject
Project("{FAE04EC0-301F-11D3-BF4B-00C04F79EFBC}") = "Tyuiu.PopkovSV.Sprint2.Task1.V28.Test", "Tyuiu.PopkovSV.Sprint2.Task1.V28.Test\Tyuiu.PopkovSV.Sprint2.Task1.V28.Test.csproj", "{39F572C1-6C1A-4E85-8349-38FF5527F41E}"
EndProject
Project("{2150E333-8FDC-42A3-9474-1A3956D46DE8}") = "Task2", "Task2", "{84A964C1-C547-45DF-8AA9-148C349B42F1}"
EndProject
Project("{FAE04EC0-301F-11D3-BF4B-00C04F79EFBC}") = "Tyuiu.PopkovSV.Sprint2.Task2.V2", "Tyuiu.PopkovSV.Sprint2.Task2.V2\Tyuiu.PopkovSV.Sprint2.Task2.V2.csproj", "{D963F126-A57E-44B0-95C8-4FCB204649D7}"
EndProject
Project("{FAE04EC0-301F-11D3-BF4B-00C04F79EFBC}") = "Tyuiu.PopkovSV.Sprint2.Task2.V2.Lib", "Tyuiu.PopkovSV.Sprint2.Task2.V2.Lib\Tyuiu.PopkovSV.Sprint2.Task2.V2.Lib.csproj", "{F42F0868-C5EE-468B-9090-2E2CCF459DD2}"
EndProject
Project("{FAE04EC0-301F-11D3-BF4B-00C04F79EFBC}") = "Tyuiu.PopkovSV.Sprint2.Task2.V2.Test", "Tyuiu.PopkovSV.Sprint2.Task2.V2.Test\Tyuiu.PopkovSV.Sprint2.Task2.V2.Test.csproj", "{9F11F69D-0A4E-4DEE-A3DE-E4195DE744B0}"
EndProject
Global
	GlobalSection(SolutionConfigurationPlatforms) = preSolution
		Debug|Any CPU = Debug|Any CPU
		Release|Any CPU = Release|Any CPU
	EndGlobalSection
	GlobalSection(ProjectConfigurationPlatforms) = postSolution
		{0C85F89E-4159-40CD-905F-E5FE0186BE92}.Debug|Any CPU.ActiveCfg = Debug|Any CPU
		{0C85F89E-4159-40CD-905F-E5FE0186BE92}.Debug|Any CPU.Build.0 = Debug|Any CPU
		{0C85F89E-4159-40CD-905F-E5FE0186BE92}.Release|Any CPU.ActiveCfg = Release|Any CPU
		{0C85F89E-4159-40CD-905F-E5FE0186BE92}.Release|Any CPU.Build.0 = Release|Any CPU
		{2D67BC9D-FFA4-46C5-B821-FB2849BBF07E}.Debug|Any CPU.ActiveCfg = Debug|Any CPU
		{2D67BC9D-FFA4-46C5-B821-FB2849BBF07E}.Debug|Any CPU.Build.0 = Debug|Any CPU
		{2D67BC9D-FFA4-46C5-B821-FB2849BBF07E}.Release|Any CPU.ActiveCfg = Release|Any CPU
		{2D67BC9D-FFA4-46C5-B821-FB2849BBF07E}.Release|Any CPU.Build.0 = Release|Any CPU
		{850D8617-6885-43A6-A039-1AAB0E1157A0}.Debug|Any CPU.ActiveCfg = Debug|Any CPU
		{850D8617-6885-43A6-A039-1AAB0E1157A0}.Debug|Any CPU.Build.0 = Debug|Any CPU
		{850D8617-6885-43A6-A039-1AAB0E1157A0}.Release|Any CPU.ActiveCfg = Release|Any CPU
		{850D8617-6885-43A6-A039-1AAB0E1157A0}.Release|Any CPU.Build.0 = Release|Any CPU
		{79B2C654-2674-4CFE-8D8E-661C05199F02}.Debug|Any CPU.ActiveCfg = Debug|Any CPU
		{79B2C654-2674-4CFE-8D8E-661C05199F02}.Debug|Any CPU.Build.0 = Debug|Any CPU
		{79B2C654-2674-4CFE-8D8E-661C05199F02}.Release|Any CPU.ActiveCfg = Release|Any CPU
		{79B2C654-2674-4CFE-8D8E-661C05199F02}.Release|Any CPU.Build.0 = Release|Any CPU
		{6D95FEE6-AD29-41F2-9283-DEB8776559CB}.Debug|Any CPU.ActiveCfg = Debug|Any CPU
		{6D95FEE6-AD29-41F2-9283-DEB8776559CB}.Debug|Any CPU.Build.0 = Debug|Any CPU
		{6D95FEE6-AD29-41F2-9283-DEB8776559CB}.Release|Any CPU.ActiveCfg = Release|Any CPU
		{6D95FEE6-AD29-41F2-9283-DEB8776559CB}.Release|Any CPU.Build.0 = Release|Any CPU
		{39F572C1-6C1A-4E85-8349-38FF5527F41E}.Debug|Any CPU.ActiveCfg = Debug|Any CPU
		{39F572C1-6C1A-4E85-8349-38FF5527F41E}.Debug|Any CPU.Build.0 = Debug|Any CPU
		{39F572C1-6C1A-4E85-8349-38FF5527F41E}.Release|Any CPU.ActiveCfg = Release|Any CPU
		{39F572C1-6C1A-4E85-8349-38FF5527F41E}.Release|Any CPU.Build.0 = Release|Any CPU
		{D963F126-A57E-44B0-95C8-4FCB204649D7}.Debug|Any CPU.ActiveCfg = Debug|Any CPU
		{D963F126-A57E-44B0-95C8-4FCB204649D7}.Debug|Any CPU.Build.0 = Debug|Any CPU
		{D963F126-A57E-44B0-95C8-4FCB204649D7}.Release|Any CPU.ActiveCfg = Release|Any CPU
		{D963F126-A57E-44B0-95C8-4FCB204649D7}.Release|Any CPU.Build.0 = Release|Any CPU
		{F42F0868-C5EE-468B-9090-2E2CCF459DD2}.Debug|Any CPU.ActiveCfg = Debug|Any CPU
		{F42F0868-C5EE-468B-9090-2E2CCF459DD2}.Debug|Any CPU.Build.0 = Debug|Any CPU
		{F42F0868-C5EE-468B-9090-2E2CCF459DD2}.Release|Any CPU.ActiveCfg = Release|Any CPU
		{F42F0868-C5EE-468B-9090-2E2CCF459DD2}.Release|Any CPU.Build.0 = Release|Any CPU
		{9F11F69D-0A4E-4DEE-A3DE-E4195DE744B0}.Debug|Any CPU.ActiveCfg = Debug|Any CPU
		{9F11F69D-0A4E-4DEE-A3DE-E4195DE744B0}.Debug|Any CPU.Build.0 = Debug|Any CPU
		{9F11F69D-0A4E-4DEE-A3DE-E4195DE744B0}.Release|Any CPU.ActiveCfg = Release|Any CPU
		{9F11F69D-0A4E-4DEE-A3DE-E4195DE744B0}.Release|Any CPU.Build.0 = Release|Any CPU
	EndGlobalSection
	GlobalSection(SolutionProperties) = preSolution
		HideSolutionNode = FALSE
	EndGlobalSection
	GlobalSection(NestedProjects) = preSolution
		{0C85F89E-4159-40CD-905F-E5FE0186BE92} = {F68BDD9A-A860-4C52-8349-2C3EA19117E5}
		{2D67BC9D-FFA4-46C5-B821-FB2849BBF07E} = {F68BDD9A-A860-4C52-8349-2C3EA19117E5}
		{850D8617-6885-43A6-A039-1AAB0E1157A0} = {F68BDD9A-A860-4C52-8349-2C3EA19117E5}
		{79B2C654-2674-4CFE-8D8E-661C05199F02} = {DF4631AB-CD61-4DEE-B81E-A358C4ABFCB5}
		{6D95FEE6-AD29-41F2-9283-DEB8776559CB} = {DF4631AB-CD61-4DEE-B81E-A358C4ABFCB5}
		{39F572C1-6C1A-4E85-8349-38FF5527F41E} = {DF4631AB-CD61-4DEE-B81E-A358C4ABFCB5}
		{D963F126-A57E-44B0-95C8-4FCB204649D7} = {84A964C1-C547-45DF-8AA9-148C349B42F1}
		{F42F0868-C5EE-468B-9090-2E2CCF459DD2} = {84A964C1-C547-45DF-8AA9-148C349B42F1}
		{9F11F69D-0A4E-4DEE-A3DE-E4195DE744B0} = {84A964C1-C547-45DF-8AA9-148C349B42F1}
	EndGlobalSection
	GlobalSection(ExtensibilityGlobals) = postSolution
		SolutionGuid = {D85D10DF-9626-46C7-AAEA-7F03EC6CFCD4}
	EndGlobalSection
EndGlobal
