
Microsoft Visual Studio Solution File, Format Version 12.00
# Visual Studio Version 16
VisualStudioVersion = 16.0.33927.289
MinimumVisualStudioVersion = 10.0.40219.1
Project("{2150E333-8FDC-42A3-9474-1A3956D46DE8}") = "Task0", "Task0", "{F68BDD9A-A860-4C52-8349-2C3EA19117E5}"
EndProject
Project("{FAE04EC0-301F-11D3-BF4B-00C04F79EFBC}") = "Tyuiu.PopkovSV.Sprint2.Task0.V26", "Tyuiu.PopkovSV.Sprint2.Task0.V26\Tyuiu.PopkovSV.Sprint2.Task0.V26.csproj", "{0C85F89E-4159-40CD-905F-E5FE0186BE92}"
EndProject
Project("{FAE04EC0-301F-11D3-BF4B-00C04F79EFBC}") = "Tyuiu.PopkovSV.Sprint2.Task0.V26.Lib", "Tyuiu.PopkovSV.Sprint2.Task0.V26.Lib\Tyuiu.PopkovSV.Sprint2.Task0.V26.Lib.csproj", "{2D67BC9D-FFA4-46C5-B821-FB2849BBF07E}"
EndProject
Project("{FAE04EC0-301F-11D3-BF4B-00C04F79EFBC}") = "Tyuiu.PopkovSV.Sprint2.Task0.V26.Test", "Tyuiu.PopkovSV.Sprint2.Task0.V26.Test\Tyuiu.PopkovSV.Sprint2.Task0.V26.Test.csproj", "{850D8617-6885-43A6-A039-1AAB0E1157A0}"
EndProject
Project("{2150E333-8FDC-42A3-9474-1A3956D46DE8}") = "Task1", "Task1", "{DF4631AB-CD61-4DEE-B81E-A358C4ABFCB5}"
EndProject
Project("{FAE04EC0-301F-11D3-BF4B-00C04F79EFBC}") = "Tyuiu.PopkovSV.Sprint2.Task1.V28", "Tyuiu.PopkovSV.Sprint2.Task1.V28\Tyuiu.PopkovSV.Sprint2.Task1.V28.csproj", "{79B2C654-2674-4CFE-8D8E-661C05199F02}"
EndProject
Project("{FAE04EC0-301F-11D3-BF4B-00C04F79EFBC}") = "Tyuiu.PopkovSV.Sprint2.Task1.V28.Lib", "Tyuiu.PopkovSV.Sprint2.Task1.V28.Lib\Tyuiu.PopkovSV.Sprint2.Task1.V28.Lib.csproj", "{6D95FEE6-AD29-41F2-9283-DEB8776559CB}"
EndProject
Project("{FAE04EC0-301F-11D3-BF4B-00C04F79EFBC}") = "Tyuiu.PopkovSV.Sprint2.Task1.V28.Test", "Tyuiu.PopkovSV.Sprint2.Task1.V28.Test\Tyuiu.PopkovSV.Sprint2.Task1.V28.Test.csproj", "{39F572C1-6C1A-4E85-8349-38FF5527F41E}"
EndProject
Project("{2150E333-8FDC-42A3-9474-1A3956D46DE8}") = "Task2", "Task2", "{84A964C1-C547-45DF-8AA9-148C349B42F1}"
EndProject
Project("{FAE04EC0-301F-11D3-BF4B-00C04F79EFBC}") = "Tyuiu.PopkovSV.Sprint2.Task2.V2", "Tyuiu.PopkovSV.Sprint2.Task2.V2\Tyuiu.PopkovSV.Sprint2.Task2.V2.csproj", "{D963F126-A57E-44B0-95C8-4FCB204649D7}"
EndProject
Project("{FAE04EC0-301F-11D3-BF4B-00C04F79EFBC}") = "Tyuiu.PopkovSV.Sprint2.Task2.V2.Lib", "Tyuiu.PopkovSV.Sprint2.Task2.V2.Lib\Tyuiu.PopkovSV.Sprint2.Task2.V2.Lib.csproj", "{F42F0868-C5EE-468B-9090-2E2CCF459DD2}"
EndProject
Project("{FAE04EC0-301F-11D3-BF4B-00C04F79EFBC}") = "Tyuiu.PopkovSV.Sprint2.Task2.V2.Test", "Tyuiu.PopkovSV.Sprint2.Task2.V2.Test\Tyuiu.PopkovSV.Sprint2.Task2.V2.Test.csproj", "{9F11F69D-0A4E-4DEE-A3DE-E4195DE744B0}"
EndProject
Project("{2150E333-8FDC-42A3-9474-1A3956D46DE8}") = "Task3", "Task3", "{AAB011CD-2852-4E2E-8BD1-E6DFE1C45B69}"
EndProject
Project("{FAE04EC0-301F-11D3-BF4B-00C04F79EFBC}") = "Tyuiu.PopkovSV.Sprint2.Task3.V12", "Tyuiu.PopkovSV.Sprint2.Task3.V12\Tyuiu.PopkovSV.Sprint2.Task3.V12.csproj", "{DB9FF34F-17FB-4D7B-9773-D9120EFA4946}"
EndProject
Project("{FAE04EC0-301F-11D3-BF4B-00C04F79EFBC}") = "Tyuiu.PopkovSV.Sprint2.Task3.V12.Lib", "Tyuiu.PopkovSV.Sprint2.Task3.V12.Lib\Tyuiu.PopkovSV.Sprint2.Task3.V12.Lib.csproj", "{4C7A7B2B-C921-4BDA-9EEF-CC598E138D61}"
EndProject
Project("{FAE04EC0-301F-11D3-BF4B-00C04F79EFBC}") = "Tyuiu.PopkovSV.Sprint2.Task3.V12.Test", "Tyuiu.PopkovSV.Sprint2.Task3.V12.Test\Tyuiu.PopkovSV.Sprint2.Task3.V12.Test.csproj", "{4E7A15BE-1D9D-4A95-B0EE-D0BC02E92C5D}"
EndProject
Project("{2150E333-8FDC-42A3-9474-1A3956D46DE8}") = "Task4", "Task4", "{154835B5-426A-44B3-8D72-0852284BF9BF}"
EndProject
Project("{FAE04EC0-301F-11D3-BF4B-00C04F79EFBC}") = "Tyuiu.PopkovSV.Sprint2.Task4.V29", "Tyuiu.PopkovSV.Sprint2.Task4.V29\Tyuiu.PopkovSV.Sprint2.Task4.V29.csproj", "{8E63F28B-A213-46A3-9F27-8939866A2839}"
EndProject
Project("{FAE04EC0-301F-11D3-BF4B-00C04F79EFBC}") = "Tyuiu.PopkovSV.Sprint2.Task4.V29.Lib", "Tyuiu.PopkovSV.Sprint2.Task4.V29.Lib\Tyuiu.PopkovSV.Sprint2.Task4.V29.Lib.csproj", "{72129F4D-8FC9-410A-BFD4-3E73F58CF50E}"
EndProject
Project("{FAE04EC0-301F-11D3-BF4B-00C04F79EFBC}") = "Tyuiu.PopkovSV.Sprint2.Task4.V29.Test", "Tyuiu.PopkovSV.Sprint2.Task4.V29.Test\Tyuiu.PopkovSV.Sprint2.Task4.V29.Test.csproj", "{49266271-848B-425E-9B7F-92F490182219}"
EndProject
Project("{2150E333-8FDC-42A3-9474-1A3956D46DE8}") = "Task5", "Task5", "{505D73E7-D5FD-4449-98F7-78C791C09D59}"
EndProject
Project("{FAE04EC0-301F-11D3-BF4B-00C04F79EFBC}") = "Tyuiu.PopkovSV.Sprint2.Task5.V1", "Tyuiu.PopkovSV.Sprint2.Task5.V1\Tyuiu.PopkovSV.Sprint2.Task5.V1.csproj", "{129F0B14-5A0F-4171-8A3E-6E39329F2728}"
EndProject
Project("{FAE04EC0-301F-11D3-BF4B-00C04F79EFBC}") = "Tyuiu.PopkovSV.Sprint2.Task5.V1.Lib", "Tyuiu.PopkovSV.Sprint2.Task5.V1.Lib\Tyuiu.PopkovSV.Sprint2.Task5.V1.Lib.csproj", "{D87742F5-056C-40F9-9E0C-1BBE4D358EF4}"
EndProject
Project("{FAE04EC0-301F-11D3-BF4B-00C04F79EFBC}") = "Tyuiu.PopkovSV.Sprint2.Task5.V1.Test", "Tyuiu.PopkovSV.Sprint2.Task5.V1.Test\Tyuiu.PopkovSV.Sprint2.Task5.V1.Test.csproj", "{6712B1C1-3A93-4661-A43D-2418857F8E72}"
EndProject
Project("{2150E333-8FDC-42A3-9474-1A3956D46DE8}") = "Task6", "Task6", "{8C3D2C6E-61E2-4A45-B2AA-CC285A3B9D5F}"
EndProject
Project("{FAE04EC0-301F-11D3-BF4B-00C04F79EFBC}") = "Tyuiu.PopkovSV.Sprint2.Task6.V9", "Tyuiu.PopkovSV.Sprint2.Task6.V9\Tyuiu.PopkovSV.Sprint2.Task6.V9.csproj", "{28E5C319-73A2-48F9-9075-BDD4547F9A86}"
EndProject
Project("{FAE04EC0-301F-11D3-BF4B-00C04F79EFBC}") = "Tyuiu.PopkovSV.Sprint2.Task6.V9.Lib", "Tyuiu.PopkovSV.Sprint2.Task6.V9.Lib\Tyuiu.PopkovSV.Sprint2.Task6.V9.Lib.csproj", "{754A1A83-68E1-4E2D-BE4F-02CA97689987}"
EndProject
Project("{FAE04EC0-301F-11D3-BF4B-00C04F79EFBC}") = "Tyuiu.PopkovSV.Sprint2.Task6.V9.Test", "Tyuiu.PopkovSV.Sprint2.Task6.V9.Test\Tyuiu.PopkovSV.Sprint2.Task6.V9.Test.csproj", "{938F6A86-D85D-4B0B-9CCC-1F4A799B8364}"
EndProject
Project("{2150E333-8FDC-42A3-9474-1A3956D46DE8}") = "Task7", "Task7", "{ECE2A9DC-1FA9-4279-BEE8-16FD55755277}"
EndProject
Project("{FAE04EC0-301F-11D3-BF4B-00C04F79EFBC}") = "Tyuiu.PopkovSV.Sprint2.Task7.V6", "Tyuiu.PopkovSV.Sprint2.Task7.V6\Tyuiu.PopkovSV.Sprint2.Task7.V6.csproj", "{A0D604E0-7C31-491D-B1F4-CFDB4E245750}"
EndProject
Project("{FAE04EC0-301F-11D3-BF4B-00C04F79EFBC}") = "Tyuiu.PopkovSV.Sprint2.Task7.V6.Lib", "Tyuiu.PopkovSV.Sprint2.Task7.V6.Lib\Tyuiu.PopkovSV.Sprint2.Task7.V6.Lib.csproj", "{DF6DA0E6-966A-4166-9DE5-88A016E0EEE2}"
EndProject
Project("{FAE04EC0-301F-11D3-BF4B-00C04F79EFBC}") = "Tyuiu.PopkovSV.Sprint2.Task7.V6.Test", "Tyuiu.PopkovSV.Sprint2.Task7.V6.Test\Tyuiu.PopkovSV.Sprint2.Task7.V6.Test.csproj", "{F4503ACA-4B4A-4B56-B0B9-2874C07A00CB}"
EndProject
Global
	GlobalSection(SolutionConfigurationPlatforms) = preSolution
		Debug|Any CPU = Debug|Any CPU
		Release|Any CPU = Release|Any CPU
	EndGlobalSection
	GlobalSection(ProjectConfigurationPlatforms) = postSolution
		{0C85F89E-4159-40CD-905F-E5FE0186BE92}.Debug|Any CPU.ActiveCfg = Debug|Any CPU
		{0C85F89E-4159-40CD-905F-E5FE0186BE92}.Debug|Any CPU.Build.0 = Debug|Any CPU
		{0C85F89E-4159-40CD-905F-E5FE0186BE92}.Release|Any CPU.ActiveCfg = Release|Any CPU
		{0C85F89E-4159-40CD-905F-E5FE0186BE92}.Release|Any CPU.Build.0 = Release|Any CPU
		{2D67BC9D-FFA4-46C5-B821-FB2849BBF07E}.Debug|Any CPU.ActiveCfg = Debug|Any CPU
		{2D67BC9D-FFA4-46C5-B821-FB2849BBF07E}.Debug|Any CPU.Build.0 = Debug|Any CPU
		{2D67BC9D-FFA4-46C5-B821-FB2849BBF07E}.Release|Any CPU.ActiveCfg = Release|Any CPU
		{2D67BC9D-FFA4-46C5-B821-FB2849BBF07E}.Release|Any CPU.Build.0 = Release|Any CPU
		{850D8617-6885-43A6-A039-1AAB0E1157A0}.Debug|Any CPU.ActiveCfg = Debug|Any CPU
		{850D8617-6885-43A6-A039-1AAB0E1157A0}.Debug|Any CPU.Build.0 = Debug|Any CPU
		{850D8617-6885-43A6-A039-1AAB0E1157A0}.Release|Any CPU.ActiveCfg = Release|Any CPU
		{850D8617-6885-43A6-A039-1AAB0E1157A0}.Release|Any CPU.Build.0 = Release|Any CPU
		{79B2C654-2674-4CFE-8D8E-661C05199F02}.Debug|Any CPU.ActiveCfg = Debug|Any CPU
		{79B2C654-2674-4CFE-8D8E-661C05199F02}.Debug|Any CPU.Build.0 = Debug|Any CPU
		{79B2C654-2674-4CFE-8D8E-661C05199F02}.Release|Any CPU.ActiveCfg = Release|Any CPU
		{79B2C654-2674-4CFE-8D8E-661C05199F02}.Release|Any CPU.Build.0 = Release|Any CPU
		{6D95FEE6-AD29-41F2-9283-DEB8776559CB}.Debug|Any CPU.ActiveCfg = Debug|Any CPU
		{6D95FEE6-AD29-41F2-9283-DEB8776559CB}.Debug|Any CPU.Build.0 = Debug|Any CPU
		{6D95FEE6-AD29-41F2-9283-DEB8776559CB}.Release|Any CPU.ActiveCfg = Release|Any CPU
		{6D95FEE6-AD29-41F2-9283-DEB8776559CB}.Release|Any CPU.Build.0 = Release|Any CPU
		{39F572C1-6C1A-4E85-8349-38FF5527F41E}.Debug|Any CPU.ActiveCfg = Debug|Any CPU
		{39F572C1-6C1A-4E85-8349-38FF5527F41E}.Debug|Any CPU.Build.0 = Debug|Any CPU
		{39F572C1-6C1A-4E85-8349-38FF5527F41E}.Release|Any CPU.ActiveCfg = Release|Any CPU
		{39F572C1-6C1A-4E85-8349-38FF5527F41E}.Release|Any CPU.Build.0 = Release|Any CPU
		{D963F126-A57E-44B0-95C8-4FCB204649D7}.Debug|Any CPU.ActiveCfg = Debug|Any CPU
		{D963F126-A57E-44B0-95C8-4FCB204649D7}.Debug|Any CPU.Build.0 = Debug|Any CPU
		{D963F126-A57E-44B0-95C8-4FCB204649D7}.Release|Any CPU.ActiveCfg = Release|Any CPU
		{D963F126-A57E-44B0-95C8-4FCB204649D7}.Release|Any CPU.Build.0 = Release|Any CPU
		{F42F0868-C5EE-468B-9090-2E2CCF459DD2}.Debug|Any CPU.ActiveCfg = Debug|Any CPU
		{F42F0868-C5EE-468B-9090-2E2CCF459DD2}.Debug|Any CPU.Build.0 = Debug|Any CPU
		{F42F0868-C5EE-468B-9090-2E2CCF459DD2}.Release|Any CPU.ActiveCfg = Release|Any CPU
		{F42F0868-C5EE-468B-9090-2E2CCF459DD2}.Release|Any CPU.Build.0 = Release|Any CPU
		{9F11F69D-0A4E-4DEE-A3DE-E4195DE744B0}.Debug|Any CPU.ActiveCfg = Debug|Any CPU
		{9F11F69D-0A4E-4DEE-A3DE-E4195DE744B0}.Debug|Any CPU.Build.0 = Debug|Any CPU
		{9F11F69D-0A4E-4DEE-A3DE-E4195DE744B0}.Release|Any CPU.ActiveCfg = Release|Any CPU
		{9F11F69D-0A4E-4DEE-A3DE-E4195DE744B0}.Release|Any CPU.Build.0 = Release|Any CPU
		{DB9FF34F-17FB-4D7B-9773-D9120EFA4946}.Debug|Any CPU.ActiveCfg = Debug|Any CPU
		{DB9FF34F-17FB-4D7B-9773-D9120EFA4946}.Debug|Any CPU.Build.0 = Debug|Any CPU
		{DB9FF34F-17FB-4D7B-9773-D9120EFA4946}.Release|Any CPU.ActiveCfg = Release|Any CPU
		{DB9FF34F-17FB-4D7B-9773-D9120EFA4946}.Release|Any CPU.Build.0 = Release|Any CPU
		{4C7A7B2B-C921-4BDA-9EEF-CC598E138D61}.Debug|Any CPU.ActiveCfg = Debug|Any CPU
		{4C7A7B2B-C921-4BDA-9EEF-CC598E138D61}.Debug|Any CPU.Build.0 = Debug|Any CPU
		{4C7A7B2B-C921-4BDA-9EEF-CC598E138D61}.Release|Any CPU.ActiveCfg = Release|Any CPU
		{4C7A7B2B-C921-4BDA-9EEF-CC598E138D61}.Release|Any CPU.Build.0 = Release|Any CPU
		{4E7A15BE-1D9D-4A95-B0EE-D0BC02E92C5D}.Debug|Any CPU.ActiveCfg = Debug|Any CPU
		{4E7A15BE-1D9D-4A95-B0EE-D0BC02E92C5D}.Debug|Any CPU.Build.0 = Debug|Any CPU
		{4E7A15BE-1D9D-4A95-B0EE-D0BC02E92C5D}.Release|Any CPU.ActiveCfg = Release|Any CPU
		{4E7A15BE-1D9D-4A95-B0EE-D0BC02E92C5D}.Release|Any CPU.Build.0 = Release|Any CPU
		{8E63F28B-A213-46A3-9F27-8939866A2839}.Debug|Any CPU.ActiveCfg = Debug|Any CPU
		{8E63F28B-A213-46A3-9F27-8939866A2839}.Debug|Any CPU.Build.0 = Debug|Any CPU
		{8E63F28B-A213-46A3-9F27-8939866A2839}.Release|Any CPU.ActiveCfg = Release|Any CPU
		{8E63F28B-A213-46A3-9F27-8939866A2839}.Release|Any CPU.Build.0 = Release|Any CPU
		{72129F4D-8FC9-410A-BFD4-3E73F58CF50E}.Debug|Any CPU.ActiveCfg = Debug|Any CPU
		{72129F4D-8FC9-410A-BFD4-3E73F58CF50E}.Debug|Any CPU.Build.0 = Debug|Any CPU
		{72129F4D-8FC9-410A-BFD4-3E73F58CF50E}.Release|Any CPU.ActiveCfg = Release|Any CPU
		{72129F4D-8FC9-410A-BFD4-3E73F58CF50E}.Release|Any CPU.Build.0 = Release|Any CPU
		{49266271-848B-425E-9B7F-92F490182219}.Debug|Any CPU.ActiveCfg = Debug|Any CPU
		{49266271-848B-425E-9B7F-92F490182219}.Debug|Any CPU.Build.0 = Debug|Any CPU
		{49266271-848B-425E-9B7F-92F490182219}.Release|Any CPU.ActiveCfg = Release|Any CPU
		{49266271-848B-425E-9B7F-92F490182219}.Release|Any CPU.Build.0 = Release|Any CPU
		{129F0B14-5A0F-4171-8A3E-6E39329F2728}.Debug|Any CPU.ActiveCfg = Debug|Any CPU
		{129F0B14-5A0F-4171-8A3E-6E39329F2728}.Debug|Any CPU.Build.0 = Debug|Any CPU
		{129F0B14-5A0F-4171-8A3E-6E39329F2728}.Release|Any CPU.ActiveCfg = Release|Any CPU
		{129F0B14-5A0F-4171-8A3E-6E39329F2728}.Release|Any CPU.Build.0 = Release|Any CPU
		{D87742F5-056C-40F9-9E0C-1BBE4D358EF4}.Debug|Any CPU.ActiveCfg = Debug|Any CPU
		{D87742F5-056C-40F9-9E0C-1BBE4D358EF4}.Debug|Any CPU.Build.0 = Debug|Any CPU
		{D87742F5-056C-40F9-9E0C-1BBE4D358EF4}.Release|Any CPU.ActiveCfg = Release|Any CPU
		{D87742F5-056C-40F9-9E0C-1BBE4D358EF4}.Release|Any CPU.Build.0 = Release|Any CPU
		{6712B1C1-3A93-4661-A43D-2418857F8E72}.Debug|Any CPU.ActiveCfg = Debug|Any CPU
		{6712B1C1-3A93-4661-A43D-2418857F8E72}.Debug|Any CPU.Build.0 = Debug|Any CPU
		{6712B1C1-3A93-4661-A43D-2418857F8E72}.Release|Any CPU.ActiveCfg = Release|Any CPU
		{6712B1C1-3A93-4661-A43D-2418857F8E72}.Release|Any CPU.Build.0 = Release|Any CPU
		{28E5C319-73A2-48F9-9075-BDD4547F9A86}.Debug|Any CPU.ActiveCfg = Debug|Any CPU
		{28E5C319-73A2-48F9-9075-BDD4547F9A86}.Debug|Any CPU.Build.0 = Debug|Any CPU
		{28E5C319-73A2-48F9-9075-BDD4547F9A86}.Release|Any CPU.ActiveCfg = Release|Any CPU
		{28E5C319-73A2-48F9-9075-BDD4547F9A86}.Release|Any CPU.Build.0 = Release|Any CPU
		{754A1A83-68E1-4E2D-BE4F-02CA97689987}.Debug|Any CPU.ActiveCfg = Debug|Any CPU
		{754A1A83-68E1-4E2D-BE4F-02CA97689987}.Debug|Any CPU.Build.0 = Debug|Any CPU
		{754A1A83-68E1-4E2D-BE4F-02CA97689987}.Release|Any CPU.ActiveCfg = Release|Any CPU
		{754A1A83-68E1-4E2D-BE4F-02CA97689987}.Release|Any CPU.Build.0 = Release|Any CPU
		{938F6A86-D85D-4B0B-9CCC-1F4A799B8364}.Debug|Any CPU.ActiveCfg = Debug|Any CPU
		{938F6A86-D85D-4B0B-9CCC-1F4A799B8364}.Debug|Any CPU.Build.0 = Debug|Any CPU
		{938F6A86-D85D-4B0B-9CCC-1F4A799B8364}.Release|Any CPU.ActiveCfg = Release|Any CPU
		{938F6A86-D85D-4B0B-9CCC-1F4A799B8364}.Release|Any CPU.Build.0 = Release|Any CPU
		{A0D604E0-7C31-491D-B1F4-CFDB4E245750}.Debug|Any CPU.ActiveCfg = Debug|Any CPU
		{A0D604E0-7C31-491D-B1F4-CFDB4E245750}.Debug|Any CPU.Build.0 = Debug|Any CPU
		{A0D604E0-7C31-491D-B1F4-CFDB4E245750}.Release|Any CPU.ActiveCfg = Release|Any CPU
		{A0D604E0-7C31-491D-B1F4-CFDB4E245750}.Release|Any CPU.Build.0 = Release|Any CPU
		{DF6DA0E6-966A-4166-9DE5-88A016E0EEE2}.Debug|Any CPU.ActiveCfg = Debug|Any CPU
		{DF6DA0E6-966A-4166-9DE5-88A016E0EEE2}.Debug|Any CPU.Build.0 = Debug|Any CPU
		{DF6DA0E6-966A-4166-9DE5-88A016E0EEE2}.Release|Any CPU.ActiveCfg = Release|Any CPU
		{DF6DA0E6-966A-4166-9DE5-88A016E0EEE2}.Release|Any CPU.Build.0 = Release|Any CPU
		{F4503ACA-4B4A-4B56-B0B9-2874C07A00CB}.Debug|Any CPU.ActiveCfg = Debug|Any CPU
		{F4503ACA-4B4A-4B56-B0B9-2874C07A00CB}.Debug|Any CPU.Build.0 = Debug|Any CPU
		{F4503ACA-4B4A-4B56-B0B9-2874C07A00CB}.Release|Any CPU.ActiveCfg = Release|Any CPU
		{F4503ACA-4B4A-4B56-B0B9-2874C07A00CB}.Release|Any CPU.Build.0 = Release|Any CPU
	EndGlobalSection
	GlobalSection(SolutionProperties) = preSolution
		HideSolutionNode = FALSE
	EndGlobalSection
	GlobalSection(NestedProjects) = preSolution
		{0C85F89E-4159-40CD-905F-E5FE0186BE92} = {F68BDD9A-A860-4C52-8349-2C3EA19117E5}
		{2D67BC9D-FFA4-46C5-B821-FB2849BBF07E} = {F68BDD9A-A860-4C52-8349-2C3EA19117E5}
		{850D8617-6885-43A6-A039-1AAB0E1157A0} = {F68BDD9A-A860-4C52-8349-2C3EA19117E5}
		{79B2C654-2674-4CFE-8D8E-661C05199F02} = {DF4631AB-CD61-4DEE-B81E-A358C4ABFCB5}
		{6D95FEE6-AD29-41F2-9283-DEB8776559CB} = {DF4631AB-CD61-4DEE-B81E-A358C4ABFCB5}
		{39F572C1-6C1A-4E85-8349-38FF5527F41E} = {DF4631AB-CD61-4DEE-B81E-A358C4ABFCB5}
		{D963F126-A57E-44B0-95C8-4FCB204649D7} = {84A964C1-C547-45DF-8AA9-148C349B42F1}
		{F42F0868-C5EE-468B-9090-2E2CCF459DD2} = {84A964C1-C547-45DF-8AA9-148C349B42F1}
		{9F11F69D-0A4E-4DEE-A3DE-E4195DE744B0} = {84A964C1-C547-45DF-8AA9-148C349B42F1}
		{DB9FF34F-17FB-4D7B-9773-D9120EFA4946} = {AAB011CD-2852-4E2E-8BD1-E6DFE1C45B69}
		{4C7A7B2B-C921-4BDA-9EEF-CC598E138D61} = {AAB011CD-2852-4E2E-8BD1-E6DFE1C45B69}
		{4E7A15BE-1D9D-4A95-B0EE-D0BC02E92C5D} = {AAB011CD-2852-4E2E-8BD1-E6DFE1C45B69}
		{8E63F28B-A213-46A3-9F27-8939866A2839} = {154835B5-426A-44B3-8D72-0852284BF9BF}
		{72129F4D-8FC9-410A-BFD4-3E73F58CF50E} = {154835B5-426A-44B3-8D72-0852284BF9BF}
		{49266271-848B-425E-9B7F-92F490182219} = {154835B5-426A-44B3-8D72-0852284BF9BF}
		{129F0B14-5A0F-4171-8A3E-6E39329F2728} = {505D73E7-D5FD-4449-98F7-78C791C09D59}
		{D87742F5-056C-40F9-9E0C-1BBE4D358EF4} = {505D73E7-D5FD-4449-98F7-78C791C09D59}
		{6712B1C1-3A93-4661-A43D-2418857F8E72} = {505D73E7-D5FD-4449-98F7-78C791C09D59}
		{28E5C319-73A2-48F9-9075-BDD4547F9A86} = {8C3D2C6E-61E2-4A45-B2AA-CC285A3B9D5F}
		{754A1A83-68E1-4E2D-BE4F-02CA97689987} = {8C3D2C6E-61E2-4A45-B2AA-CC285A3B9D5F}
		{938F6A86-D85D-4B0B-9CCC-1F4A799B8364} = {8C3D2C6E-61E2-4A45-B2AA-CC285A3B9D5F}
		{A0D604E0-7C31-491D-B1F4-CFDB4E245750} = {ECE2A9DC-1FA9-4279-BEE8-16FD55755277}
		{DF6DA0E6-966A-4166-9DE5-88A016E0EEE2} = {ECE2A9DC-1FA9-4279-BEE8-16FD55755277}
		{F4503ACA-4B4A-4B56-B0B9-2874C07A00CB} = {ECE2A9DC-1FA9-4279-BEE8-16FD55755277}
	EndGlobalSection
	GlobalSection(ExtensibilityGlobals) = postSolution
		SolutionGuid = {D85D10DF-9626-46C7-AAEA-7F03EC6CFCD4}
	EndGlobalSection
EndGlobal
